
Microsoft Visual Studio Solution File, Format Version 12.00
# Visual Studio Version 16
VisualStudioVersion = 16.0.31911.196
MinimumVisualStudioVersion = 10.0.40219.1
Project("{FAE04EC0-301F-11D3-BF4B-00C04F79EFBC}") = "yt_mwldr", "yt_mwldr\yt_mwldr.csproj", "{67C348F5-FDE7-4077-9A88-A90EA8FDCBB8}"
EndProject
Global
	GlobalSection(SolutionConfigurationPlatforms) = preSolution
		Debug|Any CPU = Debug|Any CPU
		Release|Any CPU = Release|Any CPU
	EndGlobalSection
	GlobalSection(ProjectConfigurationPlatforms) = postSolution
		{67C348F5-FDE7-4077-9A88-A90EA8FDCBB8}.Debug|Any CPU.ActiveCfg = Debug|Any CPU
		{67C348F5-FDE7-4077-9A88-A90EA8FDCBB8}.Debug|Any CPU.Build.0 = Debug|Any CPU
		{67C348F5-FDE7-4077-9A88-A90EA8FDCBB8}.Release|Any CPU.ActiveCfg = Release|Any CPU
		{67C348F5-FDE7-4077-9A88-A90EA8FDCBB8}.Release|Any CPU.Build.0 = Release|Any CPU
	EndGlobalSection
	GlobalSection(SolutionProperties) = preSolution
		HideSolutionNode = FALSE
	EndGlobalSection
	GlobalSection(ExtensibilityGlobals) = postSolution
		SolutionGuid = {11992189-8EEC-4F7D-835D-6352AC6B8988}
	EndGlobalSection
EndGlobal
